
Microsoft Visual Studio Solution File, Format Version 12.00
# Visual Studio Version 16
VisualStudioVersion = 16.0.29001.49
MinimumVisualStudioVersion = 10.0.40219.1
Project("{FAE04EC0-301F-11D3-BF4B-00C04F79EFBC}") = "frznUpload.Client", "frznUploadClient\frznUpload.Client.csproj", "{B25EA5B9-06E0-48A1-A664-8639A021F067}"
EndProject
Project("{9A19103F-16F7-4668-BE54-9A1E7A4F7556}") = "frznUpload.Shared", "frznUpload.Shared\frznUpload.Shared.csproj", "{2E7648C8-B107-420F-A75A-DBE1CC763C09}"
EndProject
Project("{FAE04EC0-301F-11D3-BF4B-00C04F79EFBC}") = "frznUpload.Client.ExplorerServer", "frznUpload.Client.ExplorerServer\frznUpload.Client.ExplorerServer.csproj", "{0D282016-72F8-4805-98E9-0CF068B45150}"
EndProject
Project("{9A19103F-16F7-4668-BE54-9A1E7A4F7556}") = "frznUpload.Web", "frznUpload.Web\frznUpload.Web.csproj", "{E06F40ED-A06C-4CE5-9523-B0634775E295}"
EndProject
Project("{E53339B2-1760-4266-BCC7-CA923CBCF16C}") = "docker-compose", "docker-compose.dcproj", "{B0F75BE1-C336-4829-8BC5-ACBA087C0AF0}"
EndProject
Project("{2150E333-8FDC-42A3-9474-1A3956D46DE8}") = "Solution Items", "Solution Items", "{DC9599F6-87DC-4077-8D7E-0A2871833B5F}"
	ProjectSection(SolutionItems) = preProject
		.editorconfig = .editorconfig
	EndProjectSection
EndProject
Global
	GlobalSection(SolutionConfigurationPlatforms) = preSolution
		Debug|Any CPU = Debug|Any CPU
		Logged|Any CPU = Logged|Any CPU
		Release|Any CPU = Release|Any CPU
		Server|Any CPU = Server|Any CPU
	EndGlobalSection
	GlobalSection(ProjectConfigurationPlatforms) = postSolution
		{B25EA5B9-06E0-48A1-A664-8639A021F067}.Debug|Any CPU.ActiveCfg = Debug|Any CPU
		{B25EA5B9-06E0-48A1-A664-8639A021F067}.Debug|Any CPU.Build.0 = Debug|Any CPU
		{B25EA5B9-06E0-48A1-A664-8639A021F067}.Logged|Any CPU.ActiveCfg = Logged|Any CPU
		{B25EA5B9-06E0-48A1-A664-8639A021F067}.Logged|Any CPU.Build.0 = Logged|Any CPU
		{B25EA5B9-06E0-48A1-A664-8639A021F067}.Release|Any CPU.ActiveCfg = Release|Any CPU
		{B25EA5B9-06E0-48A1-A664-8639A021F067}.Release|Any CPU.Build.0 = Release|Any CPU
		{B25EA5B9-06E0-48A1-A664-8639A021F067}.Server|Any CPU.ActiveCfg = Release|Any CPU
		{B25EA5B9-06E0-48A1-A664-8639A021F067}.Server|Any CPU.Build.0 = Release|Any CPU
		{2E7648C8-B107-420F-A75A-DBE1CC763C09}.Debug|Any CPU.ActiveCfg = Debug|Any CPU
		{2E7648C8-B107-420F-A75A-DBE1CC763C09}.Debug|Any CPU.Build.0 = Debug|Any CPU
		{2E7648C8-B107-420F-A75A-DBE1CC763C09}.Logged|Any CPU.ActiveCfg = Logged|Any CPU
		{2E7648C8-B107-420F-A75A-DBE1CC763C09}.Logged|Any CPU.Build.0 = Logged|Any CPU
		{2E7648C8-B107-420F-A75A-DBE1CC763C09}.Release|Any CPU.ActiveCfg = Release|Any CPU
		{2E7648C8-B107-420F-A75A-DBE1CC763C09}.Release|Any CPU.Build.0 = Release|Any CPU
		{2E7648C8-B107-420F-A75A-DBE1CC763C09}.Server|Any CPU.ActiveCfg = Release|Any CPU
		{2E7648C8-B107-420F-A75A-DBE1CC763C09}.Server|Any CPU.Build.0 = Release|Any CPU
		{0D282016-72F8-4805-98E9-0CF068B45150}.Debug|Any CPU.ActiveCfg = Debug|Any CPU
		{0D282016-72F8-4805-98E9-0CF068B45150}.Debug|Any CPU.Build.0 = Debug|Any CPU
		{0D282016-72F8-4805-98E9-0CF068B45150}.Logged|Any CPU.ActiveCfg = Release|Any CPU
		{0D282016-72F8-4805-98E9-0CF068B45150}.Logged|Any CPU.Build.0 = Release|Any CPU
		{0D282016-72F8-4805-98E9-0CF068B45150}.Release|Any CPU.ActiveCfg = Release|Any CPU
		{0D282016-72F8-4805-98E9-0CF068B45150}.Release|Any CPU.Build.0 = Release|Any CPU
		{0D282016-72F8-4805-98E9-0CF068B45150}.Server|Any CPU.ActiveCfg = Release|Any CPU
		{0D282016-72F8-4805-98E9-0CF068B45150}.Server|Any CPU.Build.0 = Release|Any CPU
		{E06F40ED-A06C-4CE5-9523-B0634775E295}.Debug|Any CPU.ActiveCfg = Debug|Any CPU
		{E06F40ED-A06C-4CE5-9523-B0634775E295}.Debug|Any CPU.Build.0 = Debug|Any CPU
		{E06F40ED-A06C-4CE5-9523-B0634775E295}.Logged|Any CPU.ActiveCfg = Debug|Any CPU
		{E06F40ED-A06C-4CE5-9523-B0634775E295}.Logged|Any CPU.Build.0 = Debug|Any CPU
		{E06F40ED-A06C-4CE5-9523-B0634775E295}.Release|Any CPU.ActiveCfg = Release|Any CPU
		{E06F40ED-A06C-4CE5-9523-B0634775E295}.Release|Any CPU.Build.0 = Release|Any CPU
		{E06F40ED-A06C-4CE5-9523-B0634775E295}.Server|Any CPU.ActiveCfg = Debug|Any CPU
		{E06F40ED-A06C-4CE5-9523-B0634775E295}.Server|Any CPU.Build.0 = Debug|Any CPU
		{B0F75BE1-C336-4829-8BC5-ACBA087C0AF0}.Debug|Any CPU.ActiveCfg = Debug|Any CPU
		{B0F75BE1-C336-4829-8BC5-ACBA087C0AF0}.Debug|Any CPU.Build.0 = Debug|Any CPU
		{B0F75BE1-C336-4829-8BC5-ACBA087C0AF0}.Logged|Any CPU.ActiveCfg = Release|Any CPU
		{B0F75BE1-C336-4829-8BC5-ACBA087C0AF0}.Logged|Any CPU.Build.0 = Release|Any CPU
		{B0F75BE1-C336-4829-8BC5-ACBA087C0AF0}.Release|Any CPU.ActiveCfg = Release|Any CPU
		{B0F75BE1-C336-4829-8BC5-ACBA087C0AF0}.Release|Any CPU.Build.0 = Release|Any CPU
		{B0F75BE1-C336-4829-8BC5-ACBA087C0AF0}.Server|Any CPU.ActiveCfg = Release|Any CPU
		{B0F75BE1-C336-4829-8BC5-ACBA087C0AF0}.Server|Any CPU.Build.0 = Release|Any CPU
	EndGlobalSection
	GlobalSection(SolutionProperties) = preSolution
		HideSolutionNode = FALSE
	EndGlobalSection
	GlobalSection(ExtensibilityGlobals) = postSolution
		SolutionGuid = {5DCE4AF1-D1BD-4425-B4F7-F87EC8F41D55}
	EndGlobalSection
EndGlobal
