
Microsoft Visual Studio Solution File, Format Version 12.00
# Visual Studio 15
VisualStudioVersion = 15.0.28010.2048
MinimumVisualStudioVersion = 10.0.40219.1
Project("{FAE04EC0-301F-11D3-BF4B-00C04F79EFBC}") = "frznUpload", "frznUpload\frznUpload.csproj", "{56630600-0F21-4909-8AAF-B63C6418F9FF}"
EndProject
Global
	GlobalSection(SolutionConfigurationPlatforms) = preSolution
		Debug|Any CPU = Debug|Any CPU
		Release|Any CPU = Release|Any CPU
	EndGlobalSection
	GlobalSection(ProjectConfigurationPlatforms) = postSolution
		{56630600-0F21-4909-8AAF-B63C6418F9FF}.Debug|Any CPU.ActiveCfg = Debug|Any CPU
		{56630600-0F21-4909-8AAF-B63C6418F9FF}.Debug|Any CPU.Build.0 = Debug|Any CPU
		{56630600-0F21-4909-8AAF-B63C6418F9FF}.Release|Any CPU.ActiveCfg = Release|Any CPU
		{56630600-0F21-4909-8AAF-B63C6418F9FF}.Release|Any CPU.Build.0 = Release|Any CPU
	EndGlobalSection
	GlobalSection(SolutionProperties) = preSolution
		HideSolutionNode = FALSE
	EndGlobalSection
	GlobalSection(ExtensibilityGlobals) = postSolution
		SolutionGuid = {5DCE4AF1-D1BD-4425-B4F7-F87EC8F41D55}
	EndGlobalSection
EndGlobal
